{
  "version": 1,
  "dependencies": {
    "net9.0-windows7.0": {
      "DalamudPackager": {
        "type": "Direct",
        "requested": "[12.0.0, )",
        "resolved": "12.0.0",
        "contentHash": "J5TJLV3f16T/E2H2P17ClWjtfEBPpq3yxvqW46eN36JCm6wR+EaoaYkqG9Rm5sHqs3/nK/vKjWWyvEs/jhKoXw=="
      },
      "DotNet.ReproducibleBuilds": {
        "type": "Direct",
        "requested": "[1.2.25, )",
        "resolved": "1.2.25",
        "contentHash": "xCXiw7BCxHJ8pF6wPepRUddlh2dlQlbr81gXA72hdk4FLHkKXas7EH/n+fk5UCA/YfMqG1Z6XaPiUjDbUNBUzg=="
      },
      "Lumina": {
        "type": "Direct",
        "requested": "[5.6.1, )",
        "resolved": "5.6.1",
        "contentHash": "r9b/xqmQFO1Gaf6pmiArCyotF2OA1RAS/EdSXwdo+gE61PKNU+I36EkkAiQwo8HAoDaxc6hcFhvBWIAYvJ9NBg==",
        "dependencies": {
          "Microsoft.Extensions.ObjectPool": "8.0.7"
        }
      },
      "Lumina.Excel": {
        "type": "Direct",
        "requested": "[7.2.1, )",
        "resolved": "7.2.1",
        "contentHash": "ZLl/DeSeTeb16A35Ay1oBk+OsRF6vUE0LbWurpwKrC5r5l3t+XNOkNsoo4MWYNCen/USdECaD0jquggMC9x5jw==",
        "dependencies": {
          "Lumina": "5.6.1"
        }
      },
      "lz4net": {
        "type": "Direct",
        "requested": "[1.0.15.93, )",
        "resolved": "1.0.15.93",
        "contentHash": "s92+YYtH4tiw0/0a7cyb+EXAOICtxZgPA1cL19L8paJZe39QViBaNl24o9ETBJxjgbm11OIMjuMUzX86id6SEg==",
        "dependencies": {
          "NETStandard.Library": "1.6.1",
          "lz4net.unsafe.netcore": "[1.0.15.93]"
        }
      },
      "Microsoft.Extensions.Logging": {
        "type": "Direct",
        "requested": "[9.0.3, )",
        "resolved": "9.0.3",
        "contentHash": "utIi2R1nm+PCWkvWBf1Ou6LWqg9iLfHU23r8yyU9VCvda4dEs7xbTZSwGa5KuwbpzpgCbHCIuKaFHB3zyFmnGw==",
        "dependencies": {
          "Microsoft.Extensions.DependencyInjection": "9.0.3",
          "Microsoft.Extensions.Logging.Abstractions": "9.0.3",
          "Microsoft.Extensions.Options": "9.0.3"
        }
      },
      "EmbedIO": {
        "type": "Transitive",
        "resolved": "3.5.2",
        "contentHash": "YU4j+3XvuO8/VPkNf7KWOF1TpMhnyVhXnPsG1mvnDhTJ9D5BZOFXVDvCpE/SkQ1AJ0Aa+dXOVSW3ntgmLL7aJg==",
        "dependencies": {
          "Unosquare.Swan.Lite": "3.1.0"
        }
      },
      "JetBrains.Annotations": {
        "type": "Transitive",
        "resolved": "2024.3.0",
        "contentHash": "ox5pkeLQXjvJdyAB4b2sBYAlqZGLh3PjSnP1bQNVx72ONuTJ9+34/+Rq91Fc0dG29XG9RgZur9+NcP4riihTug=="
      },
      "lz4net.unsafe.netcore": {
        "type": "Transitive",
        "resolved": "1.0.15.93",
        "contentHash": "tuJA5s13/5AF+fUcvERBBXtzK/gARwpJiHrqsCh2UH57e8qNp+WETNrKw63byK0Zle4OVTwuWgN0cY/uSc388Q==",
        "dependencies": {
          "NETStandard.Library": "1.6.1"
        }
      },
      "Microsoft.Extensions.DependencyInjection": {
        "type": "Transitive",
        "resolved": "9.0.3",
        "contentHash": "lDbxJpkl6X8KZGpkAxgrrthQ42YeiR0xjPp7KPx+sCPc3ZbpaIbjzd0QQ+9kDdK2RU2DOl3pc6tQyAgEZY3V0A==",
        "dependencies": {
          "Microsoft.Extensions.DependencyInjection.Abstractions": "9.0.3"
        }
      },
      "Microsoft.Extensions.DependencyInjection.Abstractions": {
        "type": "Transitive",
        "resolved": "9.0.3",
        "contentHash": "TfaHPSe39NyL2wxkisRxXK7xvHGZYBZ+dy3r+mqGvnxKgAPdHkMu3QMQZI4pquP6W5FIQBqs8FJpWV8ffCgDqQ=="
      },
      "Microsoft.Extensions.Logging.Abstractions": {
        "type": "Transitive",
        "resolved": "9.0.3",
        "contentHash": "H/MBMLt9A/69Ux4OrV7oCKt3DcMT04o5SCqDolulzQA66TLFEpYYb4qedMs/uwrLtyHXGuDGWKZse/oa8W9AZw==",
        "dependencies": {
          "Microsoft.Extensions.DependencyInjection.Abstractions": "9.0.3"
        }
      },
      "Microsoft.Extensions.ObjectPool": {
        "type": "Transitive",
        "resolved": "8.0.7",
        "contentHash": "2yLweyqmpuuFSRo+I3sLHMxmnAgNcI537kBJiyv49U2ZEqo00jZcG8lrnD8uCiOJp9IklYyTZULtbsXoFVzsjQ=="
      },
      "Microsoft.Extensions.Options": {
        "type": "Transitive",
        "resolved": "9.0.3",
        "contentHash": "xE7MpY70lkw1oiid5y6FbL9dVw8oLfkx8RhSNGN8sSzBlCqGn0SyT3Fqc8tZnDaPIq7Z8R9RTKlS564DS+MV3g==",
        "dependencies": {
          "Microsoft.Extensions.DependencyInjection.Abstractions": "9.0.3",
          "Microsoft.Extensions.Primitives": "9.0.3"
        }
      },
      "Microsoft.Extensions.Primitives": {
        "type": "Transitive",
        "resolved": "9.0.3",
        "contentHash": "yCCJHvBcRyqapMSNzP+kTc57Eaavq2cr5Tmuil6/XVnipQf5xmskxakSQ1enU6S4+fNg3sJ27WcInV64q24JsA=="
      },
      "Microsoft.NETCore.Platforms": {
        "type": "Transitive",
        "resolved": "1.1.0",
        "contentHash": "kz0PEW2lhqygehI/d6XsPCQzD7ff7gUJaVGPVETX611eadGsA3A877GdSlU0LRVMCTH/+P3o2iDTak+S08V2+A=="
      },
      "NETStandard.Library": {
        "type": "Transitive",
        "resolved": "1.6.1",
        "contentHash": "WcSp3+vP+yHNgS8EV5J7pZ9IRpeDuARBPN28by8zqff1wJQXm26PVU8L3/fYLBJVU7BtDyqNVWq2KlCVvSSR4A==",
        "dependencies": {
          "Microsoft.NETCore.Platforms": "1.1.0"
        }
      },
      "PeNet": {
        "type": "Transitive",
        "resolved": "4.1.1",
        "contentHash": "TiRyOVcg1Bh2FyP6Dm2NEiYzemSlQderhaxuH3XWNyTYsnHrm1n/xvoTftgMwsWD4C/3kTqJw93oZOvHojJfKg==",
        "dependencies": {
          "PeNet.Asn1": "2.0.1",
          "System.Security.Cryptography.Pkcs": "8.0.1"
        }
      },
      "PeNet.Asn1": {
        "type": "Transitive",
        "resolved": "2.0.1",
        "contentHash": "YR2O2YokSAYB+7CXkCDN3bd6/p0K3/AicCPkOJHKUz500v1D/hulCuVlggguqNc3M0LgSfOZKGvVYg2ud1GA9A=="
      },
      "SharpCompress": {
        "type": "Transitive",
        "resolved": "0.39.0",
        "contentHash": "0esqIUDlg68Z7+Weuge4QzEvNtawUO4obTJFL7xuf4DBHMxVRr+wbNgiX9arMrj3kGXQSvLe0zbZG3oxpkwJOA==",
        "dependencies": {
          "ZstdSharp.Port": "0.8.4"
        }
      },
      "SharpGLTF.Core": {
        "type": "Transitive",
        "resolved": "1.0.3",
        "contentHash": "su+Flcg2g6GgOIgulRGBDMHA6zY5NBx6NYH1Ayd6iBbSbwspHsN2VQgZfANgJy92cBf7qtpjC0uMiShbO+TEEg=="
      },
      "SharpGLTF.Runtime": {
        "type": "Transitive",
        "resolved": "1.0.3",
        "contentHash": "W0bg2WyXlcSAJVu153hNUNm+BU4RP46yLwGD4099hSm8dsXG/H+J95PBoLJbIq8KGVkUWvfM0+XWHoEkCyd50A==",
        "dependencies": {
          "SharpGLTF.Core": "1.0.3"
        }
      },
      "SharpGLTF.Toolkit": {
        "type": "Transitive",
        "resolved": "1.0.3",
        "contentHash": "vkEuf8ch76NNgZXU/3zoXTIXRO0o14H3aRoSFzcuUQb0PTxvV6jEfmWkUVO6JtLDuFCIimqZaf3hdxr32ltpfQ==",
        "dependencies": {
          "SharpGLTF.Runtime": "1.0.3"
        }
      },
      "SixLabors.ImageSharp": {
        "type": "Transitive",
        "resolved": "3.1.7",
        "contentHash": "9fIOOAsyLFid6qKypM2Iy0Z3Q9yoanV8VoYAHtI2sYGMNKzhvRTjgFDHonIiVe+ANtxIxM6SuqUzj0r91nItpA=="
      },
      "System.Security.Cryptography.Pkcs": {
        "type": "Transitive",
        "resolved": "8.0.1",
        "contentHash": "CoCRHFym33aUSf/NtWSVSZa99dkd0Hm7OCZUxORBjRB16LNhIEOf8THPqzIYlvKM0nNDAPTRBa1FxEECrgaxxA=="
      },
      "Unosquare.Swan.Lite": {
        "type": "Transitive",
        "resolved": "3.1.0",
        "contentHash": "X3s5QE/KMj3WAPFqFve7St+Ds10BB50u8kW8PmKIn7FVkn7yEXe9Yxr2htt1WV85DRqfFR0MN/BUNHkGHtL4OQ=="
      },
      "ZstdSharp.Port": {
        "type": "Transitive",
        "resolved": "0.8.4",
        "contentHash": "eieSXq3kakCUXbgdxkKaRqWS6hF0KBJcqok9LlDCs60GOyrynLvPOcQ0pRw7shdPF7lh/VepJ9cP9n9HHc759g=="
      },
      "ecommons": {
        "type": "Project"
      },
      "glamourer.api": {
        "type": "Project"
      },
      "ottergui": {
        "type": "Project",
        "dependencies": {
          "JetBrains.Annotations": "[2024.3.0, )",
          "Microsoft.Extensions.DependencyInjection": "[9.0.2, )"
        }
      },
      "penumbra": {
        "type": "Project",
        "dependencies": {
          "EmbedIO": "[3.5.2, )",
          "OtterGui": "[1.0.0, )",
          "PeNet": "[4.1.1, )",
          "Penumbra.Api": "[5.10.0, )",
          "Penumbra.CrashHandler": "[1.0.0, )",
          "Penumbra.GameData": "[1.0.0, )",
          "Penumbra.String": "[1.0.6, )",
          "SharpCompress": "[0.39.0, )",
          "SharpGLTF.Core": "[1.0.3, )",
          "SharpGLTF.Toolkit": "[1.0.3, )",
          "SixLabors.ImageSharp": "[3.1.7, )"
        }
      },
      "penumbra.api": {
        "type": "Project"
      },
      "penumbra.crashhandler": {
        "type": "Project"
      },
      "penumbra.gamedata": {
        "type": "Project",
        "dependencies": {
          "OtterGui": "[1.0.0, )",
          "Penumbra.Api": "[5.10.0, )",
          "Penumbra.String": "[1.0.6, )"
        }
      },
      "penumbra.string": {
        "type": "Project"
      }
    }
  }
}