Microsoft Visual Studio Solution File, Format Version 12.00
# Visual Studio Version 17
VisualStudioVersion = 17.5.2.0
MinimumVisualStudioVersion = 10.0.40219.1
Project("{FAE04EC0-301F-11D3-BF4B-00C04F79EFBC}") = "Snappy", "Snappy.csproj", "{0C89654B-B5BC-5921-57B5-C22F5A408196}"
EndProject
Global
	GlobalSection(SolutionConfigurationPlatforms) = preSolution
		Debug|Any CPU = Debug|Any CPU
		Release|Any CPU = Release|Any CPU
	EndGlobalSection
	GlobalSection(ProjectConfigurationPlatforms) = postSolution
		{0C89654B-B5BC-5921-57B5-C22F5A408196}.Debug|Any CPU.ActiveCfg = Debug|Any CPU
		{0C89654B-B5BC-5921-57B5-C22F5A408196}.Debug|Any CPU.Build.0 = Debug|Any CPU
		{0C89654B-B5BC-5921-57B5-C22F5A408196}.Release|Any CPU.ActiveCfg = Release|Any CPU
		{0C89654B-B5BC-5921-57B5-C22F5A408196}.Release|Any CPU.Build.0 = Release|Any CPU
	EndGlobalSection
	GlobalSection(SolutionProperties) = preSolution
		HideSolutionNode = FALSE
	EndGlobalSection
	GlobalSection(ExtensibilityGlobals) = postSolution
		SolutionGuid = {EE0339F5-2CEE-492D-A783-789F1423215A}
	EndGlobalSection
EndGlobal
